{
  "version": 4,
  "terraform_version": "1.9.5",
  "serial": 1,
  "lineage": "fae01b9d-124f-7e6b-96f1-0f3aa593bcff",
  "outputs": {},
  "resources": [
    {
      "mode": "managed",
      "type": "github_repository",
      "name": "repoForTerra",
      "provider": "provider[\"registry.terraform.io/hashicorp/github\"]",
      "instances": [
        {
          "schema_version": 1,
          "attributes": {
            "allow_auto_merge": false,
            "allow_merge_commit": true,
            "allow_rebase_merge": true,
            "allow_squash_merge": true,
            "allow_update_branch": false,
            "archive_on_destroy": null,
            "archived": false,
            "auto_init": null,
            "default_branch": "main",
            "delete_branch_on_merge": false,
            "description": "A Terraform-managed public repository",
            "etag": "W/\"f678bf6e1a46283f309cfefd1564171f706088b490b1961c3bc2219a4d267164\"",
            "full_name": "taariqelliott/repoForTerra",
            "git_clone_url": "git://github.com/taariqelliott/repoForTerra.git",
            "gitignore_template": null,
            "has_discussions": false,
            "has_downloads": false,
            "has_issues": false,
            "has_projects": false,
            "has_wiki": false,
            "homepage_url": "",
            "html_url": "https://github.com/taariqelliott/repoForTerra",
            "http_clone_url": "https://github.com/taariqelliott/repoForTerra.git",
            "id": "repoForTerra",
            "ignore_vulnerability_alerts_during_read": null,
            "is_template": false,
            "license_template": null,
            "merge_commit_message": "PR_TITLE",
            "merge_commit_title": "MERGE_MESSAGE",
            "name": "repoForTerra",
            "node_id": "R_kgDOMsbGRQ",
            "pages": [],
            "primary_language": "",
            "private": false,
            "repo_id": 851887685,
            "security_and_analysis": [
              {
                "advanced_security": [],
                "secret_scanning": [
                  {
                    "status": "enabled"
                  }
                ],
                "secret_scanning_push_protection": [
                  {
                    "status": "enabled"
                  }
                ]
              }
            ],
            "squash_merge_commit_message": "COMMIT_MESSAGES",
            "squash_merge_commit_title": "COMMIT_OR_PR_TITLE",
            "ssh_clone_url": "git@github.com:taariqelliott/repoForTerra.git",
            "svn_url": "https://github.com/taariqelliott/repoForTerra",
            "template": [],
            "topics": [],
            "visibility": "public",
            "vulnerability_alerts": false,
            "web_commit_signoff_required": false
          },
          "sensitive_attributes": [],
          "private": "eyJzY2hlbWFfdmVyc2lvbiI6IjEifQ=="
        }
      ]
    }
  ],
  "check_results": null
}
