{
  "version": 4,
  "terraform_version": "1.9.5",
  "serial": 3,
  "lineage": "177c26f4-73b3-d6e3-b44e-04c3b1825764",
  "outputs": {},
  "resources": [
    {
      "mode": "managed",
      "type": "github_repository",
      "name": "repoForTerra",
      "provider": "provider[\"registry.terraform.io/hashicorp/github\"]",
      "instances": [
        {
          "schema_version": 1,
          "attributes": {
            "allow_auto_merge": false,
            "allow_merge_commit": true,
            "allow_rebase_merge": true,
            "allow_squash_merge": true,
            "allow_update_branch": false,
            "archive_on_destroy": null,
            "archived": false,
            "auto_init": null,
            "default_branch": "main",
            "delete_branch_on_merge": false,
            "description": "A Terraform-managed public repository",
            "etag": "W/\"b22084794266890decb94e859c9e63e3d1199f071f94d7987b8021e53de36e6d\"",
            "full_name": "taariqelliott/repoForTerra-staging",
            "git_clone_url": "git://github.com/taariqelliott/repoForTerra-staging.git",
            "gitignore_template": null,
            "has_discussions": false,
            "has_downloads": false,
            "has_issues": false,
            "has_projects": false,
            "has_wiki": false,
            "homepage_url": "",
            "html_url": "https://github.com/taariqelliott/repoForTerra-staging",
            "http_clone_url": "https://github.com/taariqelliott/repoForTerra-staging.git",
            "id": "repoForTerra-staging",
            "ignore_vulnerability_alerts_during_read": null,
            "is_template": false,
            "license_template": null,
            "merge_commit_message": "PR_TITLE",
            "merge_commit_title": "MERGE_MESSAGE",
            "name": "repoForTerra-staging",
            "node_id": "R_kgDOMsbLgw",
            "pages": [],
            "primary_language": "",
            "private": false,
            "repo_id": 851889027,
            "security_and_analysis": [
              {
                "advanced_security": [],
                "secret_scanning": [
                  {
                    "status": "enabled"
                  }
                ],
                "secret_scanning_push_protection": [
                  {
                    "status": "enabled"
                  }
                ]
              }
            ],
            "squash_merge_commit_message": "COMMIT_MESSAGES",
            "squash_merge_commit_title": "COMMIT_OR_PR_TITLE",
            "ssh_clone_url": "git@github.com:taariqelliott/repoForTerra-staging.git",
            "svn_url": "https://github.com/taariqelliott/repoForTerra-staging",
            "template": [],
            "topics": [],
            "visibility": "public",
            "vulnerability_alerts": false,
            "web_commit_signoff_required": false
          },
          "sensitive_attributes": [],
          "private": "eyJzY2hlbWFfdmVyc2lvbiI6IjEifQ=="
        }
      ]
    }
  ],
  "check_results": null
}
